
Microsoft Visual Studio Solution File, Format Version 12.00
Project("{2150E333-8FDC-42A3-9474-1A3956D46DE8}") = "LESSON01", "LESSON01", "{7C032CEF-4665-4997-AC02-DEF18F5873F6}"
	ProjectSection(SolutionItems) = preProject
		LESSON01\index.html = LESSON01\index.html
		LESSON01\PvsDiv.html = LESSON01\PvsDiv.html
		LESSON01\list.html = LESSON01\list.html
	EndProjectSection
EndProject
Project("{2150E333-8FDC-42A3-9474-1A3956D46DE8}") = "LESSON02", "LESSON02", "{B66202F2-E8C6-4D99-830F-1988353D8AE5}"
	ProjectSection(SolutionItems) = preProject
		LESSON02\Form.html = LESSON02\Form.html
	EndProjectSection
EndProject
Project("{2150E333-8FDC-42A3-9474-1A3956D46DE8}") = "LESSON03", "LESSON03", "{EF6AA48A-E814-4563-B371-44FF43818D90}"
	ProjectSection(SolutionItems) = preProject
		LESSON03\Store.sql = LESSON03\Store.sql
	EndProjectSection
EndProject
Project("{2150E333-8FDC-42A3-9474-1A3956D46DE8}") = "LESSON04", "LESSON04", "{6AC8EE60-4D58-4D10-A93B-A5FAD0F4A90A}"
EndProject
Project("{FAE04EC0-301F-11D3-BF4B-00C04F79EFBC}") = "Lesson04_OOP", "Lesson04_OOP\Lesson04_OOP.csproj", "{9F189498-41D7-4DD6-8621-D0E442FD79D7}"
EndProject
Project("{FAE04EC0-301F-11D3-BF4B-00C04F79EFBC}") = "WebApp", "WebApp\WebApp.csproj", "{ADA04D44-6430-45EF-A5EC-1DFD138B8278}"
EndProject
Project("{FAE04EC0-301F-11D3-BF4B-00C04F79EFBC}") = "BaseProject", "BaseProject\BaseProject.csproj", "{435AE98E-6F3D-4D1B-869A-3BB9835D60B3}"
EndProject
Global
	GlobalSection(SolutionConfigurationPlatforms) = preSolution
		Debug|Any CPU = Debug|Any CPU
		Release|Any CPU = Release|Any CPU
	EndGlobalSection
	GlobalSection(NestedProjects) = preSolution
		{9F189498-41D7-4DD6-8621-D0E442FD79D7} = {6AC8EE60-4D58-4D10-A93B-A5FAD0F4A90A}
		{ADA04D44-6430-45EF-A5EC-1DFD138B8278} = {6AC8EE60-4D58-4D10-A93B-A5FAD0F4A90A}
	EndGlobalSection
	GlobalSection(ProjectConfigurationPlatforms) = postSolution
		{9F189498-41D7-4DD6-8621-D0E442FD79D7}.Debug|Any CPU.ActiveCfg = Debug|Any CPU
		{9F189498-41D7-4DD6-8621-D0E442FD79D7}.Debug|Any CPU.Build.0 = Debug|Any CPU
		{9F189498-41D7-4DD6-8621-D0E442FD79D7}.Release|Any CPU.ActiveCfg = Release|Any CPU
		{9F189498-41D7-4DD6-8621-D0E442FD79D7}.Release|Any CPU.Build.0 = Release|Any CPU
		{ADA04D44-6430-45EF-A5EC-1DFD138B8278}.Debug|Any CPU.ActiveCfg = Debug|Any CPU
		{ADA04D44-6430-45EF-A5EC-1DFD138B8278}.Debug|Any CPU.Build.0 = Debug|Any CPU
		{ADA04D44-6430-45EF-A5EC-1DFD138B8278}.Release|Any CPU.ActiveCfg = Release|Any CPU
		{ADA04D44-6430-45EF-A5EC-1DFD138B8278}.Release|Any CPU.Build.0 = Release|Any CPU
		{435AE98E-6F3D-4D1B-869A-3BB9835D60B3}.Debug|Any CPU.ActiveCfg = Debug|Any CPU
		{435AE98E-6F3D-4D1B-869A-3BB9835D60B3}.Debug|Any CPU.Build.0 = Debug|Any CPU
		{435AE98E-6F3D-4D1B-869A-3BB9835D60B3}.Release|Any CPU.ActiveCfg = Release|Any CPU
		{435AE98E-6F3D-4D1B-869A-3BB9835D60B3}.Release|Any CPU.Build.0 = Release|Any CPU
	EndGlobalSection
EndGlobal
