
Microsoft Visual Studio Solution File, Format Version 12.00
Project("{2150E333-8FDC-42A3-9474-1A3956D46DE8}") = "LESSON01", "LESSON01", "{7C032CEF-4665-4997-AC02-DEF18F5873F6}"
	ProjectSection(SolutionItems) = preProject
		LESSON01\index.html = LESSON01\index.html
		LESSON01\PvsDiv.html = LESSON01\PvsDiv.html
		LESSON01\list.html = LESSON01\list.html
	EndProjectSection
EndProject
Global
	GlobalSection(SolutionConfigurationPlatforms) = preSolution
		Debug|Any CPU = Debug|Any CPU
		Release|Any CPU = Release|Any CPU
	EndGlobalSection
EndGlobal
